
Microsoft Visual Studio Solution File, Format Version 12.00
# Visual Studio Version 17
VisualStudioVersion = 17.11.35303.130
MinimumVisualStudioVersion = 10.0.40219.1
Project("{FAE04EC0-301F-11D3-BF4B-00C04F79EFBC}") = "PokedexAPI", "PokedexAPI\PokedexAPI.csproj", "{916770CB-CDC5-4021-9232-30DE56092C8B}"
EndProject
Global
	GlobalSection(SolutionConfigurationPlatforms) = preSolution
		Debug|Any CPU = Debug|Any CPU
		Release|Any CPU = Release|Any CPU
	EndGlobalSection
	GlobalSection(ProjectConfigurationPlatforms) = postSolution
		{916770CB-CDC5-4021-9232-30DE56092C8B}.Debug|Any CPU.ActiveCfg = Debug|Any CPU
		{916770CB-CDC5-4021-9232-30DE56092C8B}.Debug|Any CPU.Build.0 = Debug|Any CPU
		{916770CB-CDC5-4021-9232-30DE56092C8B}.Release|Any CPU.ActiveCfg = Release|Any CPU
		{916770CB-CDC5-4021-9232-30DE56092C8B}.Release|Any CPU.Build.0 = Release|Any CPU
	EndGlobalSection
	GlobalSection(SolutionProperties) = preSolution
		HideSolutionNode = FALSE
	EndGlobalSection
	GlobalSection(ExtensibilityGlobals) = postSolution
		SolutionGuid = {7D6EF3D8-E8B3-4EE5-AFD6-32484ACD9E8A}
	EndGlobalSection
EndGlobal
